
Microsoft Visual Studio Solution File, Format Version 12.00
# Visual Studio Version 16
VisualStudioVersion = 16.0.29009.5
MinimumVisualStudioVersion = 10.0.40219.1
Project("{9A19103F-16F7-4668-BE54-9A1E7A4F7556}") = "RCL", "RCL\RCL.csproj", "{0552CE91-81E4-466E-90B4-F81BEE9D8B56}"
EndProject
Project("{9A19103F-16F7-4668-BE54-9A1E7A4F7556}") = "TestApp", "TestApp\TestApp.csproj", "{1EA0E01A-ECFB-4DE9-AD90-1C8C16D66ACD}"
EndProject
Global
	GlobalSection(SolutionConfigurationPlatforms) = preSolution
		Debug|Any CPU = Debug|Any CPU
		Release|Any CPU = Release|Any CPU
	EndGlobalSection
	GlobalSection(ProjectConfigurationPlatforms) = postSolution
		{0552CE91-81E4-466E-90B4-F81BEE9D8B56}.Debug|Any CPU.ActiveCfg = Debug|Any CPU
		{0552CE91-81E4-466E-90B4-F81BEE9D8B56}.Debug|Any CPU.Build.0 = Debug|Any CPU
		{0552CE91-81E4-466E-90B4-F81BEE9D8B56}.Release|Any CPU.ActiveCfg = Release|Any CPU
		{0552CE91-81E4-466E-90B4-F81BEE9D8B56}.Release|Any CPU.Build.0 = Release|Any CPU
		{1EA0E01A-ECFB-4DE9-AD90-1C8C16D66ACD}.Debug|Any CPU.ActiveCfg = Debug|Any CPU
		{1EA0E01A-ECFB-4DE9-AD90-1C8C16D66ACD}.Debug|Any CPU.Build.0 = Debug|Any CPU
		{1EA0E01A-ECFB-4DE9-AD90-1C8C16D66ACD}.Release|Any CPU.ActiveCfg = Release|Any CPU
		{1EA0E01A-ECFB-4DE9-AD90-1C8C16D66ACD}.Release|Any CPU.Build.0 = Release|Any CPU
	EndGlobalSection
	GlobalSection(SolutionProperties) = preSolution
		HideSolutionNode = FALSE
	EndGlobalSection
	GlobalSection(ExtensibilityGlobals) = postSolution
		SolutionGuid = {094E2F56-DBA9-4F75-8749-DA9DA95E8FDB}
	EndGlobalSection
EndGlobal
